
Microsoft Visual Studio Solution File, Format Version 12.00
# Visual Studio Version 16
VisualStudioVersion = 16.0.29926.136
MinimumVisualStudioVersion = 10.0.40219.1
Project("{FAE04EC0-301F-11D3-BF4B-00C04F79EFBC}") = "Praktikum 01", "Praktikum 01\Praktikum 01.csproj", "{267CA1A2-BA31-4B17-93DA-8E7841FC70B2}"
EndProject
Global
	GlobalSection(SolutionConfigurationPlatforms) = preSolution
		Debug|Any CPU = Debug|Any CPU
		Release|Any CPU = Release|Any CPU
	EndGlobalSection
	GlobalSection(ProjectConfigurationPlatforms) = postSolution
		{267CA1A2-BA31-4B17-93DA-8E7841FC70B2}.Debug|Any CPU.ActiveCfg = Debug|Any CPU
		{267CA1A2-BA31-4B17-93DA-8E7841FC70B2}.Debug|Any CPU.Build.0 = Debug|Any CPU
		{267CA1A2-BA31-4B17-93DA-8E7841FC70B2}.Release|Any CPU.ActiveCfg = Release|Any CPU
		{267CA1A2-BA31-4B17-93DA-8E7841FC70B2}.Release|Any CPU.Build.0 = Release|Any CPU
	EndGlobalSection
	GlobalSection(SolutionProperties) = preSolution
		HideSolutionNode = FALSE
	EndGlobalSection
	GlobalSection(ExtensibilityGlobals) = postSolution
		SolutionGuid = {58A4878E-7972-477B-855E-2AC8E5419F1D}
	EndGlobalSection
EndGlobal
